// !$*UTF8*$!
{
	archiveVersion = 1;
	classes = {
	};
	objectVersion = 46;
	objects = {

/* Begin PBXBuildFile section */
		6941836A203DD0290009D696 /* AppDelegate.swift in Sources */ = {isa = PBXBuildFile; fileRef = 69418369203DD0290009D696 /* AppDelegate.swift */; };
		6941836C203DD0290009D696 /* loginSignUpVC.swift in Sources */ = {isa = PBXBuildFile; fileRef = 6941836B203DD0290009D696 /* loginSignUpVC.swift */; };
		6941836F203DD02A0009D696 /* Main.storyboard in Resources */ = {isa = PBXBuildFile; fileRef = 6941836D203DD02A0009D696 /* Main.storyboard */; };
		69418371203DD02A0009D696 /* Assets.xcassets in Resources */ = {isa = PBXBuildFile; fileRef = 69418370203DD02A0009D696 /* Assets.xcassets */; };
		69418374203DD02B0009D696 /* LaunchScreen.storyboard in Resources */ = {isa = PBXBuildFile; fileRef = 69418372203DD02B0009D696 /* LaunchScreen.storyboard */; };
		6941837C203DD3120009D696 /* GoogleService-Info.plist in Resources */ = {isa = PBXBuildFile; fileRef = 6941837B203DD3120009D696 /* GoogleService-Info.plist */; };
		69418381203E43FC0009D696 /* ridersVC.swift in Sources */ = {isa = PBXBuildFile; fileRef = 69418380203E43FC0009D696 /* ridersVC.swift */; };
		69B8C7E7203FA403001E507F /* driversVC.swift in Sources */ = {isa = PBXBuildFile; fileRef = 69B8C7E6203FA403001E507F /* driversVC.swift */; };
		69D93C462040E7B20081BC15 /* AcceptRideVC.swift in Sources */ = {isa = PBXBuildFile; fileRef = 69D93C452040E7B20081BC15 /* AcceptRideVC.swift */; };
		98C085C59A7A35BB70BBF901 /* Pods_NewUBER.framework in Frameworks */ = {isa = PBXBuildFile; fileRef = 9D4910DF2526733189ACE71A /* Pods_NewUBER.framework */; };
/* End PBXBuildFile section */

/* Begin PBXFileReference section */
		0FE0409D232E19998C947E40 /* Pods-NewUBER.debug.xcconfig */ = {isa = PBXFileReference; includeInIndex = 1; lastKnownFileType = text.xcconfig; name = "Pods-NewUBER.debug.xcconfig"; path = "Pods/Target Support Files/Pods-NewUBER/Pods-NewUBER.debug.xcconfig"; sourceTree = "<group>"; };
		69418366203DD0280009D696 /* NewUBER.app */ = {isa = PBXFileReference; explicitFileType = wrapper.application; includeInIndex = 0; path = NewUBER.app; sourceTree = BUILT_PRODUCTS_DIR; };
		69418369203DD0290009D696 /* AppDelegate.swift */ = {isa = PBXFileReference; lastKnownFileType = sourcecode.swift; path = AppDelegate.swift; sourceTree = "<group>"; };
		6941836B203DD0290009D696 /* loginSignUpVC.swift */ = {isa = PBXFileReference; lastKnownFileType = sourcecode.swift; path = loginSignUpVC.swift; sourceTree = "<group>"; };
		6941836E203DD02A0009D696 /* Base */ = {isa = PBXFileReference; lastKnownFileType = file.storyboard; name = Base; path = Base.lproj/Main.storyboard; sourceTree = "<group>"; };
		69418370203DD02A0009D696 /* Assets.xcassets */ = {isa = PBXFileReference; lastKnownFileType = folder.assetcatalog; path = Assets.xcassets; sourceTree = "<group>"; };
		69418373203DD02B0009D696 /* Base */ = {isa = PBXFileReference; lastKnownFileType = file.storyboard; name = Base; path = Base.lproj/LaunchScreen.storyboard; sourceTree = "<group>"; };
		69418375203DD02B0009D696 /* Info.plist */ = {isa = PBXFileReference; lastKnownFileType = text.plist.xml; path = Info.plist; sourceTree = "<group>"; };
		6941837B203DD3120009D696 /* GoogleService-Info.plist */ = {isa = PBXFileReference; fileEncoding = 4; lastKnownFileType = text.plist.xml; path = "GoogleService-Info.plist"; sourceTree = "<group>"; };
		69418380203E43FC0009D696 /* ridersVC.swift */ = {isa = PBXFileReference; fileEncoding = 4; lastKnownFileType = sourcecode.swift; path = ridersVC.swift; sourceTree = "<group>"; };
		69B8C7E6203FA403001E507F /* driversVC.swift */ = {isa = PBXFileReference; fileEncoding = 4; lastKnownFileType = sourcecode.swift; path = driversVC.swift; sourceTree = "<group>"; };
		69D93C452040E7B20081BC15 /* AcceptRideVC.swift */ = {isa = PBXFileReference; fileEncoding = 4; lastKnownFileType = sourcecode.swift; path = AcceptRideVC.swift; sourceTree = "<group>"; };
		9D4910DF2526733189ACE71A /* Pods_NewUBER.framework */ = {isa = PBXFileReference; explicitFileType = wrapper.framework; includeInIndex = 0; path = Pods_NewUBER.framework; sourceTree = BUILT_PRODUCTS_DIR; };
		D9103AB3F708438547C53496 /* Pods-NewUBER.release.xcconfig */ = {isa = PBXFileReference; includeInIndex = 1; lastKnownFileType = text.xcconfig; name = "Pods-NewUBER.release.xcconfig"; path = "Pods/Target Support Files/Pods-NewUBER/Pods-NewUBER.release.xcconfig"; sourceTree = "<group>"; };
/* End PBXFileReference section */

/* Begin PBXFrameworksBuildPhase section */
		69418363203DD0270009D696 /* Frameworks */ = {
			isa = PBXFrameworksBuildPhase;
			buildActionMask = 2147483647;
			files = (
				98C085C59A7A35BB70BBF901 /* Pods_NewUBER.framework in Frameworks */,
			);
			runOnlyForDeploymentPostprocessing = 0;
		};
/* End PBXFrameworksBuildPhase section */

/* Begin PBXGroup section */
		6622B44E44968A78F13031D9 /* Frameworks */ = {
			isa = PBXGroup;
			children = (
				9D4910DF2526733189ACE71A /* Pods_NewUBER.framework */,
			);
			name = Frameworks;
			sourceTree = "<group>";
		};
		6941835D203DD0260009D696 = {
			isa = PBXGroup;
			children = (
				69418368203DD0280009D696 /* NewUBER */,
				69418367203DD0280009D696 /* Products */,
				7ED56E192D2A21A21C351885 /* Pods */,
				6622B44E44968A78F13031D9 /* Frameworks */,
			);
			sourceTree = "<group>";
		};
		69418367203DD0280009D696 /* Products */ = {
			isa = PBXGroup;
			children = (
				69418366203DD0280009D696 /* NewUBER.app */,
			);
			name = Products;
			sourceTree = "<group>";
		};
		69418368203DD0280009D696 /* NewUBER */ = {
			isa = PBXGroup;
			children = (
				6941837F203E40320009D696 /* Controller */,
				69418369203DD0290009D696 /* AppDelegate.swift */,
				6941836D203DD02A0009D696 /* Main.storyboard */,
				69418370203DD02A0009D696 /* Assets.xcassets */,
				69418372203DD02B0009D696 /* LaunchScreen.storyboard */,
				69418375203DD02B0009D696 /* Info.plist */,
				6941837B203DD3120009D696 /* GoogleService-Info.plist */,
			);
			path = NewUBER;
			sourceTree = "<group>";
		};
		6941837F203E40320009D696 /* Controller */ = {
			isa = PBXGroup;
			children = (
				6941836B203DD0290009D696 /* loginSignUpVC.swift */,
				69418380203E43FC0009D696 /* ridersVC.swift */,
				69B8C7E6203FA403001E507F /* driversVC.swift */,
				69D93C452040E7B20081BC15 /* AcceptRideVC.swift */,
			);
			name = Controller;
			sourceTree = "<group>";
		};
		7ED56E192D2A21A21C351885 /* Pods */ = {
			isa = PBXGroup;
			children = (
				0FE0409D232E19998C947E40 /* Pods-NewUBER.debug.xcconfig */,
				D9103AB3F708438547C53496 /* Pods-NewUBER.release.xcconfig */,
			);
			name = Pods;
			sourceTree = "<group>";
		};
/* End PBXGroup section */

/* Begin PBXNativeTarget section */
		69418365203DD0270009D696 /* NewUBER */ = {
			isa = PBXNativeTarget;
			buildConfigurationList = 69418378203DD02B0009D696 /* Build configuration list for PBXNativeTarget "NewUBER" */;
			buildPhases = (
				A6CA0913208CBFF8E3C4A471 /* [CP] Check Pods Manifest.lock */,
				69418362203DD0270009D696 /* Sources */,
				69418363203DD0270009D696 /* Frameworks */,
				69418364203DD0270009D696 /* Resources */,
				D8E5687A6C12BE233C1DE5CC /* [CP] Embed Pods Frameworks */,
				15E1A46282CE5FD98B21E2E0 /* [CP] Copy Pods Resources */,
			);
			buildRules = (
			);
			dependencies = (
			);
			name = NewUBER;
			productName = NewUBER;
			productReference = 69418366203DD0280009D696 /* NewUBER.app */;
			productType = "com.apple.product-type.application";
		};
/* End PBXNativeTarget section */

/* Begin PBXProject section */
		6941835E203DD0260009D696 /* Project object */ = {
			isa = PBXProject;
			attributes = {
				LastSwiftUpdateCheck = 0830;
				LastUpgradeCheck = 0830;
				ORGANIZATIONNAME = FARIDO;
				TargetAttributes = {
					69418365203DD0270009D696 = {
						CreatedOnToolsVersion = 8.3.3;
						ProvisioningStyle = Automatic;
					};
				};
			};
			buildConfigurationList = 69418361203DD0270009D696 /* Build configuration list for PBXProject "NewUBER" */;
			compatibilityVersion = "Xcode 3.2";
			developmentRegion = English;
			hasScannedForEncodings = 0;
			knownRegions = (
				en,
				Base,
			);
			mainGroup = 6941835D203DD0260009D696;
			productRefGroup = 69418367203DD0280009D696 /* Products */;
			projectDirPath = "";
			projectRoot = "";
			targets = (
				69418365203DD0270009D696 /* NewUBER */,
			);
		};
/* End PBXProject section */

/* Begin PBXResourcesBuildPhase section */
		69418364203DD0270009D696 /* Resources */ = {
			isa = PBXResourcesBuildPhase;
			buildActionMask = 2147483647;
			files = (
				69418374203DD02B0009D696 /* LaunchScreen.storyboard in Resources */,
				6941837C203DD3120009D696 /* GoogleService-Info.plist in Resources */,
				69418371203DD02A0009D696 /* Assets.xcassets in Resources */,
				6941836F203DD02A0009D696 /* Main.storyboard in Resources */,
			);
			runOnlyForDeploymentPostprocessing = 0;
		};
/* End PBXResourcesBuildPhase section */

/* Begin PBXShellScriptBuildPhase section */
		15E1A46282CE5FD98B21E2E0 /* [CP] Copy Pods Resources */ = {
			isa = PBXShellScriptBuildPhase;
			buildActionMask = 2147483647;
			files = (
			);
			inputPaths = (
			);
			name = "[CP] Copy Pods Resources";
			outputPaths = (
			);
			runOnlyForDeploymentPostprocessing = 0;
			shellPath = /bin/sh;
			shellScript = "\"${SRCROOT}/Pods/Target Support Files/Pods-NewUBER/Pods-NewUBER-resources.sh\"\n";
			showEnvVarsInLog = 0;
		};
		A6CA0913208CBFF8E3C4A471 /* [CP] Check Pods Manifest.lock */ = {
			isa = PBXShellScriptBuildPhase;
			buildActionMask = 2147483647;
			files = (
			);
			inputPaths = (
				"${PODS_PODFILE_DIR_PATH}/Podfile.lock",
				"${PODS_ROOT}/Manifest.lock",
			);
			name = "[CP] Check Pods Manifest.lock";
			outputPaths = (
				"$(DERIVED_FILE_DIR)/Pods-NewUBER-checkManifestLockResult.txt",
			);
			runOnlyForDeploymentPostprocessing = 0;
			shellPath = /bin/sh;
			shellScript = "diff \"${PODS_PODFILE_DIR_PATH}/Podfile.lock\" \"${PODS_ROOT}/Manifest.lock\" > /dev/null\nif [ $? != 0 ] ; then\n    # print error to STDERR\n    echo \"error: The sandbox is not in sync with the Podfile.lock. Run 'pod install' or update your CocoaPods installation.\" >&2\n    exit 1\nfi\n# This output is used by Xcode 'outputs' to avoid re-running this script phase.\necho \"SUCCESS\" > \"${SCRIPT_OUTPUT_FILE_0}\"\n";
			showEnvVarsInLog = 0;
		};
		D8E5687A6C12BE233C1DE5CC /* [CP] Embed Pods Frameworks */ = {
			isa = PBXShellScriptBuildPhase;
			buildActionMask = 2147483647;
			files = (
			);
			inputPaths = (
				"${SRCROOT}/Pods/Target Support Files/Pods-NewUBER/Pods-NewUBER-frameworks.sh",
				"${BUILT_PRODUCTS_DIR}/GTMSessionFetcher/GTMSessionFetcher.framework",
				"${BUILT_PRODUCTS_DIR}/GoogleToolboxForMac/GoogleToolboxForMac.framework",
				"${BUILT_PRODUCTS_DIR}/leveldb-library/leveldb.framework",
				"${BUILT_PRODUCTS_DIR}/nanopb/nanopb.framework",
			);
			name = "[CP] Embed Pods Frameworks";
			outputPaths = (
				"${TARGET_BUILD_DIR}/${FRAMEWORKS_FOLDER_PATH}/GTMSessionFetcher.framework",
				"${TARGET_BUILD_DIR}/${FRAMEWORKS_FOLDER_PATH}/GoogleToolboxForMac.framework",
				"${TARGET_BUILD_DIR}/${FRAMEWORKS_FOLDER_PATH}/leveldb.framework",
				"${TARGET_BUILD_DIR}/${FRAMEWORKS_FOLDER_PATH}/nanopb.framework",
			);
			runOnlyForDeploymentPostprocessing = 0;
			shellPath = /bin/sh;
			shellScript = "\"${SRCROOT}/Pods/Target Support Files/Pods-NewUBER/Pods-NewUBER-frameworks.sh\"\n";
			showEnvVarsInLog = 0;
		};
/* End PBXShellScriptBuildPhase section */

/* Begin PBXSourcesBuildPhase section */
		69418362203DD0270009D696 /* Sources */ = {
			isa = PBXSourcesBuildPhase;
			buildActionMask = 2147483647;
			files = (
				69418381203E43FC0009D696 /* ridersVC.swift in Sources */,
				69D93C462040E7B20081BC15 /* AcceptRideVC.swift in Sources */,
				6941836C203DD0290009D696 /* loginSignUpVC.swift in Sources */,
				69B8C7E7203FA403001E507F /* driversVC.swift in Sources */,
				6941836A203DD0290009D696 /* AppDelegate.swift in Sources */,
			);
			runOnlyForDeploymentPostprocessing = 0;
		};
/* End PBXSourcesBuildPhase section */

/* Begin PBXVariantGroup section */
		6941836D203DD02A0009D696 /* Main.storyboard */ = {
			isa = PBXVariantGroup;
			children = (
				6941836E203DD02A0009D696 /* Base */,
			);
			name = Main.storyboard;
			sourceTree = "<group>";
		};
		69418372203DD02B0009D696 /* LaunchScreen.storyboard */ = {
			isa = PBXVariantGroup;
			children = (
				69418373203DD02B0009D696 /* Base */,
			);
			name = LaunchScreen.storyboard;
			sourceTree = "<group>";
		};
/* End PBXVariantGroup section */

/* Begin XCBuildConfiguration section */
		69418376203DD02B0009D696 /* Debug */ = {
			isa = XCBuildConfiguration;
			buildSettings = {
				ALWAYS_SEARCH_USER_PATHS = NO;
				CLANG_ANALYZER_NONNULL = YES;
				CLANG_ANALYZER_NUMBER_OBJECT_CONVERSION = YES_AGGRESSIVE;
				CLANG_CXX_LANGUAGE_STANDARD = "gnu++0x";
				CLANG_CXX_LIBRARY = "libc++";
				CLANG_ENABLE_MODULES = YES;
				CLANG_ENABLE_OBJC_ARC = YES;
				CLANG_WARN_BOOL_CONVERSION = YES;
				CLANG_WARN_CONSTANT_CONVERSION = YES;
				CLANG_WARN_DIRECT_OBJC_ISA_USAGE = YES_ERROR;
				CLANG_WARN_DOCUMENTATION_COMMENTS = YES;
				CLANG_WARN_EMPTY_BODY = YES;
				CLANG_WARN_ENUM_CONVERSION = YES;
				CLANG_WARN_INFINITE_RECURSION = YES;
				CLANG_WARN_INT_CONVERSION = YES;
				CLANG_WARN_OBJC_ROOT_CLASS = YES_ERROR;
				CLANG_WARN_SUSPICIOUS_MOVE = YES;
				CLANG_WARN_UNREACHABLE_CODE = YES;
				CLANG_WARN__DUPLICATE_METHOD_MATCH = YES;
				"CODE_SIGN_IDENTITY[sdk=iphoneos*]" = "iPhone Developer";
				COPY_PHASE_STRIP = NO;
				DEBUG_INFORMATION_FORMAT = dwarf;
				ENABLE_STRICT_OBJC_MSGSEND = YES;
				ENABLE_TESTABILITY = YES;
				GCC_C_LANGUAGE_STANDARD = gnu99;
				GCC_DYNAMIC_NO_PIC = NO;
				GCC_NO_COMMON_BLOCKS = YES;
				GCC_OPTIMIZATION_LEVEL = 0;
				GCC_PREPROCESSOR_DEFINITIONS = (
					"DEBUG=1",
					"$(inherited)",
				);
				GCC_WARN_64_TO_32_BIT_CONVERSION = YES;
				GCC_WARN_ABOUT_RETURN_TYPE = YES_ERROR;
				GCC_WARN_UNDECLARED_SELECTOR = YES;
				GCC_WARN_UNINITIALIZED_AUTOS = YES_AGGRESSIVE;
				GCC_WARN_UNUSED_FUNCTION = YES;
				GCC_WARN_UNUSED_VARIABLE = YES;
				IPHONEOS_DEPLOYMENT_TARGET = 10.3;
				MTL_ENABLE_DEBUG_INFO = YES;
				ONLY_ACTIVE_ARCH = YES;
				SDKROOT = iphoneos;
				SWIFT_ACTIVE_COMPILATION_CONDITIONS = DEBUG;
				SWIFT_OPTIMIZATION_LEVEL = "-Onone";
				TARGETED_DEVICE_FAMILY = "1,2";
			};
			name = Debug;
		};
		69418377203DD02B0009D696 /* Release */ = {
			isa = XCBuildConfiguration;
			buildSettings = {
				ALWAYS_SEARCH_USER_PATHS = NO;
				CLANG_ANALYZER_NONNULL = YES;
				CLANG_ANALYZER_NUMBER_OBJECT_CONVERSION = YES_AGGRESSIVE;
				CLANG_CXX_LANGUAGE_STANDARD = "gnu++0x";
				CLANG_CXX_LIBRARY = "libc++";
				CLANG_ENABLE_MODULES = YES;
				CLANG_ENABLE_OBJC_ARC = YES;
				CLANG_WARN_BOOL_CONVERSION = YES;
				CLANG_WARN_CONSTANT_CONVERSION = YES;
				CLANG_WARN_DIRECT_OBJC_ISA_USAGE = YES_ERROR;
				CLANG_WARN_DOCUMENTATION_COMMENTS = YES;
				CLANG_WARN_EMPTY_BODY = YES;
				CLANG_WARN_ENUM_CONVERSION = YES;
				CLANG_WARN_INFINITE_RECURSION = YES;
				CLANG_WARN_INT_CONVERSION = YES;
				CLANG_WARN_OBJC_ROOT_CLASS = YES_ERROR;
				CLANG_WARN_SUSPICIOUS_MOVE = YES;
				CLANG_WARN_UNREACHABLE_CODE = YES;
				CLANG_WARN__DUPLICATE_METHOD_MATCH = YES;
				"CODE_SIGN_IDENTITY[sdk=iphoneos*]" = "iPhone Developer";
				COPY_PHASE_STRIP = NO;
				DEBUG_INFORMATION_FORMAT = "dwarf-with-dsym";
				ENABLE_NS_ASSERTIONS = NO;
				ENABLE_STRICT_OBJC_MSGSEND = YES;
				GCC_C_LANGUAGE_STANDARD = gnu99;
				GCC_NO_COMMON_BLOCKS = YES;
				GCC_WARN_64_TO_32_BIT_CONVERSION = YES;
				GCC_WARN_ABOUT_RETURN_TYPE = YES_ERROR;
				GCC_WARN_UNDECLARED_SELECTOR = YES;
				GCC_WARN_UNINITIALIZED_AUTOS = YES_AGGRESSIVE;
				GCC_WARN_UNUSED_FUNCTION = YES;
				GCC_WARN_UNUSED_VARIABLE = YES;
				IPHONEOS_DEPLOYMENT_TARGET = 10.3;
				MTL_ENABLE_DEBUG_INFO = NO;
				SDKROOT = iphoneos;
				SWIFT_OPTIMIZATION_LEVEL = "-Owholemodule";
				TARGETED_DEVICE_FAMILY = "1,2";
				VALIDATE_PRODUCT = YES;
			};
			name = Release;
		};
		69418379203DD02B0009D696 /* Debug */ = {
			isa = XCBuildConfiguration;
			baseConfigurationReference = 0FE0409D232E19998C947E40 /* Pods-NewUBER.debug.xcconfig */;
			buildSettings = {
				ASSETCATALOG_COMPILER_APPICON_NAME = AppIcon;
				INFOPLIST_FILE = NewUBER/Info.plist;
				LD_RUNPATH_SEARCH_PATHS = "$(inherited) @executable_path/Frameworks";
				PRODUCT_BUNDLE_IDENTIFIER = com.farid.Mohar.NewUBER;
				PRODUCT_NAME = "$(TARGET_NAME)";
				SWIFT_VERSION = 3.0;
			};
			name = Debug;
		};
		6941837A203DD02B0009D696 /* Release */ = {
			isa = XCBuildConfiguration;
			baseConfigurationReference = D9103AB3F708438547C53496 /* Pods-NewUBER.release.xcconfig */;
			buildSettings = {
				ASSETCATALOG_COMPILER_APPICON_NAME = AppIcon;
				INFOPLIST_FILE = NewUBER/Info.plist;
				LD_RUNPATH_SEARCH_PATHS = "$(inherited) @executable_path/Frameworks";
				PRODUCT_BUNDLE_IDENTIFIER = com.farid.Mohar.NewUBER;
				PRODUCT_NAME = "$(TARGET_NAME)";
				SWIFT_VERSION = 3.0;
			};
			name = Release;
		};
/* End XCBuildConfiguration section */

/* Begin XCConfigurationList section */
		69418361203DD0270009D696 /* Build configuration list for PBXProject "NewUBER" */ = {
			isa = XCConfigurationList;
			buildConfigurations = (
				69418376203DD02B0009D696 /* Debug */,
				69418377203DD02B0009D696 /* Release */,
			);
			defaultConfigurationIsVisible = 0;
			defaultConfigurationName = Release;
		};
		69418378203DD02B0009D696 /* Build configuration list for PBXNativeTarget "NewUBER" */ = {
			isa = XCConfigurationList;
			buildConfigurations = (
				69418379203DD02B0009D696 /* Debug */,
				6941837A203DD02B0009D696 /* Release */,
			);
			defaultConfigurationIsVisible = 0;
			defaultConfigurationName = Release;
		};
/* End XCConfigurationList section */
	};
	rootObject = 6941835E203DD0260009D696 /* Project object */;
}
